<?xml version="1.0" encoding="utf-8"?>
<Project ToolsVersion="4.0" xmlns="http://schemas.microsoft.com/developer/msbuild/2003">
  <ItemGroup>
    <Filter Include="Source Files">
      <UniqueIdentifier>{4FC737F1-C7A5-4376-A066-2A32D752A2FF}</UniqueIdentifier>
      <Extensions>cpp;c;cc;cxx;def;odl;idl;hpj;bat;asm;asmx</Extensions>
    </Filter>
    <Filter Include="Header Files">
      <UniqueIdentifier>{93995380-89BD-4b04-88EB-625FBE52EBFB}</UniqueIdentifier>
      <Extensions>h;hh;hpp;hxx;hm;inl;inc;ipp;xsd</Extensions>
    </Filter>
    <Filter Include="Resource Files">
      <UniqueIdentifier>{67DA6AB6-F800-4c08-8B7A-83BB121AAD01}</UniqueIdentifier>
      <Extensions>rc;ico;cur;bmp;dlg;rc2;rct;bin;rgs;gif;jpg;jpeg;jpe;resx;tiff;tif;png;wav;mfcribbon-ms</Extensions>
    </Filter>
    <Filter Include="HLSL">
      <UniqueIdentifier>{d8657b13-e3c7-4660-a63b-e499d5395125}</UniqueIdentifier>
    </Filter>
  </ItemGroup>
  <ItemGroup>
    <ClCompile Include="main.cpp">
      <Filter>Source Files</Filter>
    </ClCompile>
    <ClCompile Include="Shaders.cpp">
      <Filter>Source Files</Filter>
    </ClCompile>
    <ClCompile Include="LevelManager.cpp">
      <Filter>Source Files</Filter>
    </ClCompile>
    <ClCompile Include="LevelBlock.cpp">
      <Filter>Source Files</Filter>
    </ClCompile>
    <ClCompile Include="Game.cpp">
      <Filter>Source Files</Filter>
    </ClCompile>
    <ClCompile Include="Graphics.cpp">
      <Filter>Source Files</Filter>
    </ClCompile>
    <ClCompile Include="Camera.cpp">
      <Filter>Source Files</Filter>
    </ClCompile>
    <ClCompile Include="BoxCollider.cpp">
      <Filter>Source Files</Filter>
    </ClCompile>
    <ClCompile Include="CollisionHandler.cpp">
      <Filter>Source Files</Filter>
    </ClCompile>
    <ClCompile Include="Player.cpp">
      <Filter>Source Files</Filter>
    </ClCompile>
    <ClCompile Include="Texture.cpp">
      <Filter>Source Files</Filter>
    </ClCompile>
    <ClCompile Include="Animation.cpp">
      <Filter>Source Files</Filter>
    </ClCompile>
    <ClCompile Include="LevelReader.cpp">
      <Filter>Source Files</Filter>
    </ClCompile>
    <ClCompile Include="PlayerMovement.cpp">
      <Filter>Source Files</Filter>
    </ClCompile>
    <ClCompile Include="Enemy.cpp">
      <Filter>Source Files</Filter>
    </ClCompile>
  </ItemGroup>
  <ItemGroup>
    <ClInclude Include="Shaders.h">
      <Filter>Source Files</Filter>
    </ClInclude>
    <ClInclude Include="LevelBlock.h">
      <Filter>Source Files</Filter>
    </ClInclude>
    <ClInclude Include="LevelManager.h">
      <Filter>Source Files</Filter>
    </ClInclude>
    <ClInclude Include="Game.h">
      <Filter>Source Files</Filter>
    </ClInclude>
    <ClInclude Include="Graphics.h">
      <Filter>Source Files</Filter>
    </ClInclude>
    <ClInclude Include="Camera.h">
      <Filter>Source Files</Filter>
    </ClInclude>
    <ClInclude Include="stb_image.h">
      <Filter>Source Files</Filter>
    </ClInclude>
    <ClInclude Include="CollisionHandler.h">
      <Filter>Source Files</Filter>
    </ClInclude>
    <ClInclude Include="BoxCollider.h">
      <Filter>Source Files</Filter>
    </ClInclude>
    <ClInclude Include="Player.h">
      <Filter>Source Files</Filter>
    </ClInclude>
    <ClInclude Include="Texture.h">
      <Filter>Source Files</Filter>
    </ClInclude>
    <ClInclude Include="Animation.h">
      <Filter>Source Files</Filter>
    </ClInclude>
    <ClInclude Include="LevelReader.h">
      <Filter>Source Files</Filter>
    </ClInclude>
    <ClInclude Include="PlayerMovement.h">
      <Filter>Source Files</Filter>
    </ClInclude>
    <ClInclude Include="Enemy.h">
      <Filter>Source Files</Filter>
    </ClInclude>
  </ItemGroup>
  <ItemGroup>
    <FxCompile Include="LevelBlockVertex.hlsl">
      <Filter>HLSL</Filter>
    </FxCompile>
    <FxCompile Include="LevelBlockPixel.hlsl">
      <Filter>HLSL</Filter>
    </FxCompile>
    <FxCompile Include="PlayerVertex.hlsl">
      <Filter>HLSL</Filter>
    </FxCompile>
    <FxCompile Include="PlayerPixel.hlsl">
      <Filter>HLSL</Filter>
    </FxCompile>
    <FxCompile Include="BGVertex.hlsl">
      <Filter>HLSL</Filter>
    </FxCompile>
    <FxCompile Include="BGPixel.hlsl">
      <Filter>HLSL</Filter>
    </FxCompile>
    <FxCompile Include="EnemyVertex.hlsl">
      <Filter>HLSL</Filter>
    </FxCompile>
    <FxCompile Include="EnemyPixel.hlsl">
      <Filter>HLSL</Filter>
    </FxCompile>
  </ItemGroup>
  <ItemGroup>
    <None Include="packages.config" />
  </ItemGroup>
</Project>